// !$*UTF8*$!
{
	archiveVersion = 1;
	classes = {
	};
	objectVersion = 46;
	objects = {

/* Begin PBXBuildFile section */
		5F3F7CB21960A73700ADC697 /* PlantsRow.swift in Sources */ = {isa = PBXBuildFile; fileRef = 5F3F7CB11960A73700ADC697 /* PlantsRow.swift */; };
		5F4BDEAF19457934000D2028 /* AppDelegate.swift in Sources */ = {isa = PBXBuildFile; fileRef = 5F4BDEAE19457934000D2028 /* AppDelegate.swift */; };
		5F4BDEB119457934000D2028 /* GameScene.sks in Resources */ = {isa = PBXBuildFile; fileRef = 5F4BDEB019457934000D2028 /* GameScene.sks */; };
		5F4BDEB319457934000D2028 /* GameScene.swift in Sources */ = {isa = PBXBuildFile; fileRef = 5F4BDEB219457934000D2028 /* GameScene.swift */; };
		5F4BDEB519457934000D2028 /* GameViewController.swift in Sources */ = {isa = PBXBuildFile; fileRef = 5F4BDEB419457934000D2028 /* GameViewController.swift */; };
		5F4BDEB819457934000D2028 /* Main.storyboard in Resources */ = {isa = PBXBuildFile; fileRef = 5F4BDEB619457934000D2028 /* Main.storyboard */; };
		5F4BDEBA19457934000D2028 /* Images.xcassets in Resources */ = {isa = PBXBuildFile; fileRef = 5F4BDEB919457934000D2028 /* Images.xcassets */; };
		5F4BDEC619457934000D2028 /* testGameSwiftTests.swift in Sources */ = {isa = PBXBuildFile; fileRef = 5F4BDEC519457934000D2028 /* testGameSwiftTests.swift */; };
		5F4BDED019458189000D2028 /* BgScene.swift in Sources */ = {isa = PBXBuildFile; fileRef = 5F4BDECF19458189000D2028 /* BgScene.swift */; };
		5F4BDED21945827C000D2028 /* BgScene.sks in Resources */ = {isa = PBXBuildFile; fileRef = 5F4BDED11945827C000D2028 /* BgScene.sks */; };
		5F4BDED419482338000D2028 /* MovingLayer.swift in Sources */ = {isa = PBXBuildFile; fileRef = 5F4BDED319482338000D2028 /* MovingLayer.swift */; };
		5F96AB3D195115A500C844E6 /* bg.tile.128.png in Resources */ = {isa = PBXBuildFile; fileRef = 5F96AB3A195115A500C844E6 /* bg.tile.128.png */; };
		5F96AB3E195115A500C844E6 /* person.move.forward.png in Resources */ = {isa = PBXBuildFile; fileRef = 5F96AB3C195115A500C844E6 /* person.move.forward.png */; };
		5F96AB4019511D2200C844E6 /* MovingPerson.swift in Sources */ = {isa = PBXBuildFile; fileRef = 5F96AB3F19511D2200C844E6 /* MovingPerson.swift */; };
		5F96AB451956D07100C844E6 /* person.move.left.png in Resources */ = {isa = PBXBuildFile; fileRef = 5F96AB431956D07100C844E6 /* person.move.left.png */; };
		5F96AB461956D07100C844E6 /* person.move.right.png in Resources */ = {isa = PBXBuildFile; fileRef = 5F96AB441956D07100C844E6 /* person.move.right.png */; };
		5F96AB481957B3F700C844E6 /* HeroPerson.swift in Sources */ = {isa = PBXBuildFile; fileRef = 5F96AB471957B3F700C844E6 /* HeroPerson.swift */; };
		5F96AB4B1957B99500C844E6 /* plants.6x3.png in Resources */ = {isa = PBXBuildFile; fileRef = 5F96AB4A1957B99500C844E6 /* plants.6x3.png */; };
		5F96AB4D1957B9D400C844E6 /* PlantsSprite.swift in Sources */ = {isa = PBXBuildFile; fileRef = 5F96AB4C1957B9D400C844E6 /* PlantsSprite.swift */; };
		5F9C8FEB195D33C700774B13 /* PlantsSequence.swift in Sources */ = {isa = PBXBuildFile; fileRef = 5F9C8FEA195D33C700774B13 /* PlantsSequence.swift */; };
/* End PBXBuildFile section */

/* Begin PBXContainerItemProxy section */
		5F4BDEC019457934000D2028 /* PBXContainerItemProxy */ = {
			isa = PBXContainerItemProxy;
			containerPortal = 5F4BDEA119457934000D2028 /* Project object */;
			proxyType = 1;
			remoteGlobalIDString = 5F4BDEA819457934000D2028;
			remoteInfo = testGameSwift;
		};
/* End PBXContainerItemProxy section */

/* Begin PBXFileReference section */
		5F3F7CB11960A73700ADC697 /* PlantsRow.swift */ = {isa = PBXFileReference; fileEncoding = 4; lastKnownFileType = sourcecode.swift; path = PlantsRow.swift; sourceTree = "<group>"; };
		5F4BDEA919457934000D2028 /* testGameSwift.app */ = {isa = PBXFileReference; explicitFileType = wrapper.application; includeInIndex = 0; path = testGameSwift.app; sourceTree = BUILT_PRODUCTS_DIR; };
		5F4BDEAD19457934000D2028 /* Info.plist */ = {isa = PBXFileReference; lastKnownFileType = text.plist.xml; path = Info.plist; sourceTree = "<group>"; };
		5F4BDEAE19457934000D2028 /* AppDelegate.swift */ = {isa = PBXFileReference; lastKnownFileType = sourcecode.swift; path = AppDelegate.swift; sourceTree = "<group>"; };
		5F4BDEB019457934000D2028 /* GameScene.sks */ = {isa = PBXFileReference; lastKnownFileType = file.sks; path = GameScene.sks; sourceTree = "<group>"; };
		5F4BDEB219457934000D2028 /* GameScene.swift */ = {isa = PBXFileReference; lastKnownFileType = sourcecode.swift; path = GameScene.swift; sourceTree = "<group>"; };
		5F4BDEB419457934000D2028 /* GameViewController.swift */ = {isa = PBXFileReference; lastKnownFileType = sourcecode.swift; path = GameViewController.swift; sourceTree = "<group>"; };
		5F4BDEB719457934000D2028 /* Base */ = {isa = PBXFileReference; lastKnownFileType = file.storyboard; name = Base; path = Base.lproj/Main.storyboard; sourceTree = "<group>"; };
		5F4BDEB919457934000D2028 /* Images.xcassets */ = {isa = PBXFileReference; lastKnownFileType = folder.assetcatalog; path = Images.xcassets; sourceTree = "<group>"; };
		5F4BDEBF19457934000D2028 /* testGameSwiftTests.xctest */ = {isa = PBXFileReference; explicitFileType = wrapper.cfbundle; includeInIndex = 0; path = testGameSwiftTests.xctest; sourceTree = BUILT_PRODUCTS_DIR; };
		5F4BDEC419457934000D2028 /* Info.plist */ = {isa = PBXFileReference; lastKnownFileType = text.plist.xml; path = Info.plist; sourceTree = "<group>"; };
		5F4BDEC519457934000D2028 /* testGameSwiftTests.swift */ = {isa = PBXFileReference; lastKnownFileType = sourcecode.swift; path = testGameSwiftTests.swift; sourceTree = "<group>"; };
		5F4BDECF19458189000D2028 /* BgScene.swift */ = {isa = PBXFileReference; fileEncoding = 4; lastKnownFileType = sourcecode.swift; path = BgScene.swift; sourceTree = "<group>"; };
		5F4BDED11945827C000D2028 /* BgScene.sks */ = {isa = PBXFileReference; lastKnownFileType = file.sks; path = BgScene.sks; sourceTree = "<group>"; };
		5F4BDED319482338000D2028 /* MovingLayer.swift */ = {isa = PBXFileReference; fileEncoding = 4; lastKnownFileType = sourcecode.swift; path = MovingLayer.swift; sourceTree = "<group>"; };
		5F96AB3A195115A500C844E6 /* bg.tile.128.png */ = {isa = PBXFileReference; lastKnownFileType = image.png; path = bg.tile.128.png; sourceTree = "<group>"; };
		5F96AB3C195115A500C844E6 /* person.move.forward.png */ = {isa = PBXFileReference; lastKnownFileType = image.png; path = person.move.forward.png; sourceTree = "<group>"; };
		5F96AB3F19511D2200C844E6 /* MovingPerson.swift */ = {isa = PBXFileReference; fileEncoding = 4; lastKnownFileType = sourcecode.swift; path = MovingPerson.swift; sourceTree = "<group>"; };
		5F96AB431956D07100C844E6 /* person.move.left.png */ = {isa = PBXFileReference; lastKnownFileType = image.png; path = person.move.left.png; sourceTree = "<group>"; };
		5F96AB441956D07100C844E6 /* person.move.right.png */ = {isa = PBXFileReference; lastKnownFileType = image.png; path = person.move.right.png; sourceTree = "<group>"; };
		5F96AB471957B3F700C844E6 /* HeroPerson.swift */ = {isa = PBXFileReference; fileEncoding = 4; lastKnownFileType = sourcecode.swift; path = HeroPerson.swift; sourceTree = "<group>"; };
		5F96AB4A1957B99500C844E6 /* plants.6x3.png */ = {isa = PBXFileReference; lastKnownFileType = image.png; path = plants.6x3.png; sourceTree = "<group>"; };
		5F96AB4C1957B9D400C844E6 /* PlantsSprite.swift */ = {isa = PBXFileReference; fileEncoding = 4; lastKnownFileType = sourcecode.swift; path = PlantsSprite.swift; sourceTree = "<group>"; };
		5F9C8FEA195D33C700774B13 /* PlantsSequence.swift */ = {isa = PBXFileReference; fileEncoding = 4; lastKnownFileType = sourcecode.swift; path = PlantsSequence.swift; sourceTree = "<group>"; };
/* End PBXFileReference section */

/* Begin PBXFrameworksBuildPhase section */
		5F4BDEA619457934000D2028 /* Frameworks */ = {
			isa = PBXFrameworksBuildPhase;
			buildActionMask = 2147483647;
			files = (
			);
			runOnlyForDeploymentPostprocessing = 0;
		};
		5F4BDEBC19457934000D2028 /* Frameworks */ = {
			isa = PBXFrameworksBuildPhase;
			buildActionMask = 2147483647;
			files = (
			);
			runOnlyForDeploymentPostprocessing = 0;
		};
/* End PBXFrameworksBuildPhase section */

/* Begin PBXGroup section */
		5F4BDEA019457934000D2028 = {
			isa = PBXGroup;
			children = (
				5F4BDEAB19457934000D2028 /* testGameSwift */,
				5F4BDEC219457934000D2028 /* testGameSwiftTests */,
				5F4BDEAA19457934000D2028 /* Products */,
			);
			sourceTree = "<group>";
		};
		5F4BDEAA19457934000D2028 /* Products */ = {
			isa = PBXGroup;
			children = (
				5F4BDEA919457934000D2028 /* testGameSwift.app */,
				5F4BDEBF19457934000D2028 /* testGameSwiftTests.xctest */,
			);
			name = Products;
			sourceTree = "<group>";
		};
		5F4BDEAB19457934000D2028 /* testGameSwift */ = {
			isa = PBXGroup;
			children = (
				5F4BDEAE19457934000D2028 /* AppDelegate.swift */,
				5F4BDEB019457934000D2028 /* GameScene.sks */,
				5F4BDEB219457934000D2028 /* GameScene.swift */,
				5F4BDED11945827C000D2028 /* BgScene.sks */,
				5F4BDECF19458189000D2028 /* BgScene.swift */,
				5F4BDED319482338000D2028 /* MovingLayer.swift */,
				5F96AB3F19511D2200C844E6 /* MovingPerson.swift */,
				5F96AB471957B3F700C844E6 /* HeroPerson.swift */,
				5F96AB4C1957B9D400C844E6 /* PlantsSprite.swift */,
				5F3F7CB11960A73700ADC697 /* PlantsRow.swift */,
				5F9C8FEA195D33C700774B13 /* PlantsSequence.swift */,
				5F4BDEB419457934000D2028 /* GameViewController.swift */,
				5F4BDEB619457934000D2028 /* Main.storyboard */,
				5F4BDEB919457934000D2028 /* Images.xcassets */,
				5F96AB38195115A500C844E6 /* Resource */,
				5F4BDEAC19457934000D2028 /* Supporting Files */,
			);
			path = testGameSwift;
			sourceTree = "<group>";
		};
		5F4BDEAC19457934000D2028 /* Supporting Files */ = {
			isa = PBXGroup;
			children = (
				5F4BDEAD19457934000D2028 /* Info.plist */,
			);
			name = "Supporting Files";
			sourceTree = "<group>";
		};
		5F4BDEC219457934000D2028 /* testGameSwiftTests */ = {
			isa = PBXGroup;
			children = (
				5F4BDEC519457934000D2028 /* testGameSwiftTests.swift */,
				5F4BDEC319457934000D2028 /* Supporting Files */,
			);
			path = testGameSwiftTests;
			sourceTree = "<group>";
		};
		5F4BDEC319457934000D2028 /* Supporting Files */ = {
			isa = PBXGroup;
			children = (
				5F4BDEC419457934000D2028 /* Info.plist */,
			);
			name = "Supporting Files";
			sourceTree = "<group>";
		};
		5F96AB38195115A500C844E6 /* Resource */ = {
			isa = PBXGroup;
			children = (
				5F96AB491957B99500C844E6 /* plants */,
				5F96AB39195115A500C844E6 /* bg */,
				5F96AB3B195115A500C844E6 /* person */,
			);
			path = Resource;
			sourceTree = "<group>";
		};
		5F96AB39195115A500C844E6 /* bg */ = {
			isa = PBXGroup;
			children = (
				5F96AB3A195115A500C844E6 /* bg.tile.128.png */,
			);
			path = bg;
			sourceTree = "<group>";
		};
		5F96AB3B195115A500C844E6 /* person */ = {
			isa = PBXGroup;
			children = (
				5F96AB431956D07100C844E6 /* person.move.left.png */,
				5F96AB441956D07100C844E6 /* person.move.right.png */,
				5F96AB3C195115A500C844E6 /* person.move.forward.png */,
			);
			path = person;
			sourceTree = "<group>";
		};
		5F96AB491957B99500C844E6 /* plants */ = {
			isa = PBXGroup;
			children = (
				5F96AB4A1957B99500C844E6 /* plants.6x3.png */,
			);
			path = plants;
			sourceTree = "<group>";
		};
/* End PBXGroup section */

/* Begin PBXNativeTarget section */
		5F4BDEA819457934000D2028 /* testGameSwift */ = {
			isa = PBXNativeTarget;
			buildConfigurationList = 5F4BDEC919457934000D2028 /* Build configuration list for PBXNativeTarget "testGameSwift" */;
			buildPhases = (
				5F4BDEA519457934000D2028 /* Sources */,
				5F4BDEA619457934000D2028 /* Frameworks */,
				5F4BDEA719457934000D2028 /* Resources */,
			);
			buildRules = (
			);
			dependencies = (
			);
			name = testGameSwift;
			productName = testGameSwift;
			productReference = 5F4BDEA919457934000D2028 /* testGameSwift.app */;
			productType = "com.apple.product-type.application";
		};
		5F4BDEBE19457934000D2028 /* testGameSwiftTests */ = {
			isa = PBXNativeTarget;
			buildConfigurationList = 5F4BDECC19457934000D2028 /* Build configuration list for PBXNativeTarget "testGameSwiftTests" */;
			buildPhases = (
				5F4BDEBB19457934000D2028 /* Sources */,
				5F4BDEBC19457934000D2028 /* Frameworks */,
				5F4BDEBD19457934000D2028 /* Resources */,
			);
			buildRules = (
			);
			dependencies = (
				5F4BDEC119457934000D2028 /* PBXTargetDependency */,
			);
			name = testGameSwiftTests;
			productName = testGameSwiftTests;
			productReference = 5F4BDEBF19457934000D2028 /* testGameSwiftTests.xctest */;
			productType = "com.apple.product-type.bundle.unit-test";
		};
/* End PBXNativeTarget section */

/* Begin PBXProject section */
		5F4BDEA119457934000D2028 /* Project object */ = {
			isa = PBXProject;
			attributes = {
				LastUpgradeCheck = 0600;
				ORGANIZATIONNAME = vortle;
				TargetAttributes = {
					5F4BDEA819457934000D2028 = {
						CreatedOnToolsVersion = 6.0;
					};
					5F4BDEBE19457934000D2028 = {
						CreatedOnToolsVersion = 6.0;
						TestTargetID = 5F4BDEA819457934000D2028;
					};
				};
			};
			buildConfigurationList = 5F4BDEA419457934000D2028 /* Build configuration list for PBXProject "testGameSwift" */;
			compatibilityVersion = "Xcode 3.2";
			developmentRegion = English;
			hasScannedForEncodings = 0;
			knownRegions = (
				en,
				Base,
			);
			mainGroup = 5F4BDEA019457934000D2028;
			productRefGroup = 5F4BDEAA19457934000D2028 /* Products */;
			projectDirPath = "";
			projectRoot = "";
			targets = (
				5F4BDEA819457934000D2028 /* testGameSwift */,
				5F4BDEBE19457934000D2028 /* testGameSwiftTests */,
			);
		};
/* End PBXProject section */

/* Begin PBXResourcesBuildPhase section */
		5F4BDEA719457934000D2028 /* Resources */ = {
			isa = PBXResourcesBuildPhase;
			buildActionMask = 2147483647;
			files = (
				5F96AB461956D07100C844E6 /* person.move.right.png in Resources */,
				5F96AB4B1957B99500C844E6 /* plants.6x3.png in Resources */,
				5F96AB3D195115A500C844E6 /* bg.tile.128.png in Resources */,
				5F96AB451956D07100C844E6 /* person.move.left.png in Resources */,
				5F4BDEBA19457934000D2028 /* Images.xcassets in Resources */,
				5F96AB3E195115A500C844E6 /* person.move.forward.png in Resources */,
				5F4BDED21945827C000D2028 /* BgScene.sks in Resources */,
				5F4BDEB119457934000D2028 /* GameScene.sks in Resources */,
				5F4BDEB819457934000D2028 /* Main.storyboard in Resources */,
			);
			runOnlyForDeploymentPostprocessing = 0;
		};
		5F4BDEBD19457934000D2028 /* Resources */ = {
			isa = PBXResourcesBuildPhase;
			buildActionMask = 2147483647;
			files = (
			);
			runOnlyForDeploymentPostprocessing = 0;
		};
/* End PBXResourcesBuildPhase section */

/* Begin PBXSourcesBuildPhase section */
		5F4BDEA519457934000D2028 /* Sources */ = {
			isa = PBXSourcesBuildPhase;
			buildActionMask = 2147483647;
			files = (
				5F3F7CB21960A73700ADC697 /* PlantsRow.swift in Sources */,
				5F96AB481957B3F700C844E6 /* HeroPerson.swift in Sources */,
				5F4BDEB319457934000D2028 /* GameScene.swift in Sources */,
				5F4BDED419482338000D2028 /* MovingLayer.swift in Sources */,
				5F4BDEB519457934000D2028 /* GameViewController.swift in Sources */,
				5F4BDEAF19457934000D2028 /* AppDelegate.swift in Sources */,
				5F96AB4019511D2200C844E6 /* MovingPerson.swift in Sources */,
				5F96AB4D1957B9D400C844E6 /* PlantsSprite.swift in Sources */,
				5F4BDED019458189000D2028 /* BgScene.swift in Sources */,
				5F9C8FEB195D33C700774B13 /* PlantsSequence.swift in Sources */,
			);
			runOnlyForDeploymentPostprocessing = 0;
		};
		5F4BDEBB19457934000D2028 /* Sources */ = {
			isa = PBXSourcesBuildPhase;
			buildActionMask = 2147483647;
			files = (
				5F4BDEC619457934000D2028 /* testGameSwiftTests.swift in Sources */,
			);
			runOnlyForDeploymentPostprocessing = 0;
		};
/* End PBXSourcesBuildPhase section */

/* Begin PBXTargetDependency section */
		5F4BDEC119457934000D2028 /* PBXTargetDependency */ = {
			isa = PBXTargetDependency;
			target = 5F4BDEA819457934000D2028 /* testGameSwift */;
			targetProxy = 5F4BDEC019457934000D2028 /* PBXContainerItemProxy */;
		};
/* End PBXTargetDependency section */

/* Begin PBXVariantGroup section */
		5F4BDEB619457934000D2028 /* Main.storyboard */ = {
			isa = PBXVariantGroup;
			children = (
				5F4BDEB719457934000D2028 /* Base */,
			);
			name = Main.storyboard;
			sourceTree = "<group>";
		};
/* End PBXVariantGroup section */

/* Begin XCBuildConfiguration section */
		5F4BDEC719457934000D2028 /* Debug */ = {
			isa = XCBuildConfiguration;
			buildSettings = {
				ALWAYS_SEARCH_USER_PATHS = NO;
				CLANG_CXX_LANGUAGE_STANDARD = "gnu++0x";
				CLANG_CXX_LIBRARY = "libc++";
				CLANG_ENABLE_MODULES = YES;
				CLANG_ENABLE_OBJC_ARC = YES;
				CLANG_WARN_BOOL_CONVERSION = YES;
				CLANG_WARN_CONSTANT_CONVERSION = YES;
				CLANG_WARN_DIRECT_OBJC_ISA_USAGE = YES_ERROR;
				CLANG_WARN_EMPTY_BODY = YES;
				CLANG_WARN_ENUM_CONVERSION = YES;
				CLANG_WARN_INT_CONVERSION = YES;
				CLANG_WARN_OBJC_ROOT_CLASS = YES_ERROR;
				CLANG_WARN_UNREACHABLE_CODE = YES;
				CLANG_WARN__DUPLICATE_METHOD_MATCH = YES;
				"CODE_SIGN_IDENTITY[sdk=iphoneos*]" = "iPhone Developer";
				COPY_PHASE_STRIP = NO;
				ENABLE_STRICT_OBJC_MSGSEND = YES;
				GCC_C_LANGUAGE_STANDARD = gnu99;
				GCC_DYNAMIC_NO_PIC = NO;
				GCC_OPTIMIZATION_LEVEL = 0;
				GCC_PREPROCESSOR_DEFINITIONS = (
					"DEBUG=1",
					"$(inherited)",
				);
				GCC_SYMBOLS_PRIVATE_EXTERN = NO;
				GCC_WARN_64_TO_32_BIT_CONVERSION = YES;
				GCC_WARN_ABOUT_RETURN_TYPE = YES_ERROR;
				GCC_WARN_UNDECLARED_SELECTOR = YES;
				GCC_WARN_UNINITIALIZED_AUTOS = YES_AGGRESSIVE;
				GCC_WARN_UNUSED_FUNCTION = YES;
				GCC_WARN_UNUSED_VARIABLE = YES;
				IPHONEOS_DEPLOYMENT_TARGET = 8.0;
				METAL_ENABLE_DEBUG_INFO = YES;
				ONLY_ACTIVE_ARCH = YES;
				SDKROOT = iphoneos;
				SWIFT_OPTIMIZATION_LEVEL = "-Onone";
			};
			name = Debug;
		};
		5F4BDEC819457934000D2028 /* Release */ = {
			isa = XCBuildConfiguration;
			buildSettings = {
				ALWAYS_SEARCH_USER_PATHS = NO;
				CLANG_CXX_LANGUAGE_STANDARD = "gnu++0x";
				CLANG_CXX_LIBRARY = "libc++";
				CLANG_ENABLE_MODULES = YES;
				CLANG_ENABLE_OBJC_ARC = YES;
				CLANG_WARN_BOOL_CONVERSION = YES;
				CLANG_WARN_CONSTANT_CONVERSION = YES;
				CLANG_WARN_DIRECT_OBJC_ISA_USAGE = YES_ERROR;
				CLANG_WARN_EMPTY_BODY = YES;
				CLANG_WARN_ENUM_CONVERSION = YES;
				CLANG_WARN_INT_CONVERSION = YES;
				CLANG_WARN_OBJC_ROOT_CLASS = YES_ERROR;
				CLANG_WARN_UNREACHABLE_CODE = YES;
				CLANG_WARN__DUPLICATE_METHOD_MATCH = YES;
				"CODE_SIGN_IDENTITY[sdk=iphoneos*]" = "iPhone Developer";
				COPY_PHASE_STRIP = YES;
				ENABLE_NS_ASSERTIONS = NO;
				ENABLE_STRICT_OBJC_MSGSEND = YES;
				GCC_C_LANGUAGE_STANDARD = gnu99;
				GCC_WARN_64_TO_32_BIT_CONVERSION = YES;
				GCC_WARN_ABOUT_RETURN_TYPE = YES_ERROR;
				GCC_WARN_UNDECLARED_SELECTOR = YES;
				GCC_WARN_UNINITIALIZED_AUTOS = YES_AGGRESSIVE;
				GCC_WARN_UNUSED_FUNCTION = YES;
				GCC_WARN_UNUSED_VARIABLE = YES;
				IPHONEOS_DEPLOYMENT_TARGET = 8.0;
				METAL_ENABLE_DEBUG_INFO = NO;
				SDKROOT = iphoneos;
				VALIDATE_PRODUCT = YES;
			};
			name = Release;
		};
		5F4BDECA19457934000D2028 /* Debug */ = {
			isa = XCBuildConfiguration;
			buildSettings = {
				ASSETCATALOG_COMPILER_APPICON_NAME = AppIcon;
				ASSETCATALOG_COMPILER_LAUNCHIMAGE_NAME = LaunchImage;
				INFOPLIST_FILE = testGameSwift/Info.plist;
				IPHONEOS_DEPLOYMENT_TARGET = 7.1;
				LD_RUNPATH_SEARCH_PATHS = "$(inherited) @executable_path/Frameworks";
				PRODUCT_NAME = "$(TARGET_NAME)";
				TARGETED_DEVICE_FAMILY = 1;
			};
			name = Debug;
		};
		5F4BDECB19457934000D2028 /* Release */ = {
			isa = XCBuildConfiguration;
			buildSettings = {
				ASSETCATALOG_COMPILER_APPICON_NAME = AppIcon;
				ASSETCATALOG_COMPILER_LAUNCHIMAGE_NAME = LaunchImage;
				INFOPLIST_FILE = testGameSwift/Info.plist;
				IPHONEOS_DEPLOYMENT_TARGET = 7.1;
				LD_RUNPATH_SEARCH_PATHS = "$(inherited) @executable_path/Frameworks";
				PRODUCT_NAME = "$(TARGET_NAME)";
				TARGETED_DEVICE_FAMILY = 1;
			};
			name = Release;
		};
		5F4BDECD19457934000D2028 /* Debug */ = {
			isa = XCBuildConfiguration;
			buildSettings = {
				BUNDLE_LOADER = "$(BUILT_PRODUCTS_DIR)/testGameSwift.app/testGameSwift";
				FRAMEWORK_SEARCH_PATHS = (
					"$(SDKROOT)/Developer/Library/Frameworks",
					"$(inherited)",
				);
				GCC_PREPROCESSOR_DEFINITIONS = (
					"DEBUG=1",
					"$(inherited)",
				);
				INFOPLIST_FILE = testGameSwiftTests/Info.plist;
				LD_RUNPATH_SEARCH_PATHS = "$(inherited) @executable_path/Frameworks @loader_path/Frameworks";
				METAL_ENABLE_DEBUG_INFO = YES;
				PRODUCT_NAME = "$(TARGET_NAME)";
				TEST_HOST = "$(BUNDLE_LOADER)";
			};
			name = Debug;
		};
		5F4BDECE19457934000D2028 /* Release */ = {
			isa = XCBuildConfiguration;
			buildSettings = {
				BUNDLE_LOADER = "$(BUILT_PRODUCTS_DIR)/testGameSwift.app/testGameSwift";
				FRAMEWORK_SEARCH_PATHS = (
					"$(SDKROOT)/Developer/Library/Frameworks",
					"$(inherited)",
				);
				INFOPLIST_FILE = testGameSwiftTests/Info.plist;
				LD_RUNPATH_SEARCH_PATHS = "$(inherited) @executable_path/Frameworks @loader_path/Frameworks";
				METAL_ENABLE_DEBUG_INFO = NO;
				PRODUCT_NAME = "$(TARGET_NAME)";
				TEST_HOST = "$(BUNDLE_LOADER)";
			};
			name = Release;
		};
/* End XCBuildConfiguration section */

/* Begin XCConfigurationList section */
		5F4BDEA419457934000D2028 /* Build configuration list for PBXProject "testGameSwift" */ = {
			isa = XCConfigurationList;
			buildConfigurations = (
				5F4BDEC719457934000D2028 /* Debug */,
				5F4BDEC819457934000D2028 /* Release */,
			);
			defaultConfigurationIsVisible = 0;
			defaultConfigurationName = Release;
		};
		5F4BDEC919457934000D2028 /* Build configuration list for PBXNativeTarget "testGameSwift" */ = {
			isa = XCConfigurationList;
			buildConfigurations = (
				5F4BDECA19457934000D2028 /* Debug */,
				5F4BDECB19457934000D2028 /* Release */,
			);
			defaultConfigurationIsVisible = 0;
			defaultConfigurationName = Release;
		};
		5F4BDECC19457934000D2028 /* Build configuration list for PBXNativeTarget "testGameSwiftTests" */ = {
			isa = XCConfigurationList;
			buildConfigurations = (
				5F4BDECD19457934000D2028 /* Debug */,
				5F4BDECE19457934000D2028 /* Release */,
			);
			defaultConfigurationIsVisible = 0;
			defaultConfigurationName = Release;
		};
/* End XCConfigurationList section */
	};
	rootObject = 5F4BDEA119457934000D2028 /* Project object */;
}
